
Microsoft Visual Studio Solution File, Format Version 12.00
# Visual Studio Version 16
VisualStudioVersion = 16.0.30104.148
MinimumVisualStudioVersion = 10.0.40219.1
Project("{FAE04EC0-301F-11D3-BF4B-00C04F79EFBC}") = "Exercicio02 - Entrada de Dados", "Exercicio02 - Entrada de Dados\Exercicio02 - Entrada de Dados.csproj", "{AA790159-0A55-4BE6-AD00-D0E49F483C40}"
EndProject
Global
	GlobalSection(SolutionConfigurationPlatforms) = preSolution
		Debug|Any CPU = Debug|Any CPU
		Release|Any CPU = Release|Any CPU
	EndGlobalSection
	GlobalSection(ProjectConfigurationPlatforms) = postSolution
		{AA790159-0A55-4BE6-AD00-D0E49F483C40}.Debug|Any CPU.ActiveCfg = Debug|Any CPU
		{AA790159-0A55-4BE6-AD00-D0E49F483C40}.Debug|Any CPU.Build.0 = Debug|Any CPU
		{AA790159-0A55-4BE6-AD00-D0E49F483C40}.Release|Any CPU.ActiveCfg = Release|Any CPU
		{AA790159-0A55-4BE6-AD00-D0E49F483C40}.Release|Any CPU.Build.0 = Release|Any CPU
	EndGlobalSection
	GlobalSection(SolutionProperties) = preSolution
		HideSolutionNode = FALSE
	EndGlobalSection
	GlobalSection(ExtensibilityGlobals) = postSolution
		SolutionGuid = {684F5CE8-072B-4D2B-A654-938FA430A82D}
	EndGlobalSection
EndGlobal
